
Microsoft Visual Studio Solution File, Format Version 12.00
# Visual Studio Version 16
VisualStudioVersion = 16.0.31205.134
MinimumVisualStudioVersion = 10.0.40219.1
Project("{FAE04EC0-301F-11D3-BF4B-00C04F79EFBC}") = "MediaGeralPOO", "MediaGeralPOO\MediaGeralPOO.csproj", "{15A598E9-1F19-42BA-8812-D856651AB83F}"
EndProject
Global
	GlobalSection(SolutionConfigurationPlatforms) = preSolution
		Debug|Any CPU = Debug|Any CPU
		Release|Any CPU = Release|Any CPU
	EndGlobalSection
	GlobalSection(ProjectConfigurationPlatforms) = postSolution
		{15A598E9-1F19-42BA-8812-D856651AB83F}.Debug|Any CPU.ActiveCfg = Debug|Any CPU
		{15A598E9-1F19-42BA-8812-D856651AB83F}.Debug|Any CPU.Build.0 = Debug|Any CPU
		{15A598E9-1F19-42BA-8812-D856651AB83F}.Release|Any CPU.ActiveCfg = Release|Any CPU
		{15A598E9-1F19-42BA-8812-D856651AB83F}.Release|Any CPU.Build.0 = Release|Any CPU
	EndGlobalSection
	GlobalSection(SolutionProperties) = preSolution
		HideSolutionNode = FALSE
	EndGlobalSection
	GlobalSection(ExtensibilityGlobals) = postSolution
		SolutionGuid = {CFC25ECF-C1E8-4BF3-AAA4-C1B952BFCAA9}
	EndGlobalSection
EndGlobal
